<Solution>
  <Folder Name="/Solution Items/" />
  <Project Path="../FanslationStudio.LlmKit/FanslationStudio.LlmKit/FanslationStudio.LlmKit.csproj" />
  <Project Path="EnglishPatch/EnglishPatch.csproj" />
  <Project Path="Files/Files.csproj" />
  <Project Path="SharedAssembly/SharedAssembly.csproj" />
  <Project Path="Translate/Translate.csproj" />
  <Project Path="Tests/Translate.Tests.csproj" />
</Solution>
